
Microsoft Visual Studio Solution File, Format Version 12.00
# Visual Studio Version 17
VisualStudioVersion = 17.12.35527.113
MinimumVisualStudioVersion = 10.0.40219.1
Project("{FAE04EC0-301F-11D3-BF4B-00C04F79EFBC}") = "DAYZ THE LAST HOPE", "DAYZ THE LAST HOPE\DAYZ THE LAST HOPE.csproj", "{0756DF36-5794-40CC-9073-C09115F3C8AE}"
EndProject
Project("{2150E333-8FDC-42A3-9474-1A3956D46DE8}") = "Itens de Solução", "Itens de Solução", "{67AFE47E-3491-4BDC-9BB7-C2DF7AB38991}"
EndProject
Project("{54435603-DBB4-11D2-8724-00A0C9A8B90C}") = "The Last Hope Setup", "The Last Hope Setup\The Last Hope Setup.vdproj", "{93F49A78-5D08-4905-830F-994BA6009CA9}"
EndProject
Global
	GlobalSection(SolutionConfigurationPlatforms) = preSolution
		Debug|Any CPU = Debug|Any CPU
		Release|Any CPU = Release|Any CPU
	EndGlobalSection
	GlobalSection(ProjectConfigurationPlatforms) = postSolution
		{0756DF36-5794-40CC-9073-C09115F3C8AE}.Debug|Any CPU.ActiveCfg = Debug|Any CPU
		{0756DF36-5794-40CC-9073-C09115F3C8AE}.Debug|Any CPU.Build.0 = Debug|Any CPU
		{0756DF36-5794-40CC-9073-C09115F3C8AE}.Release|Any CPU.ActiveCfg = Release|Any CPU
		{0756DF36-5794-40CC-9073-C09115F3C8AE}.Release|Any CPU.Build.0 = Release|Any CPU
		{93F49A78-5D08-4905-830F-994BA6009CA9}.Debug|Any CPU.ActiveCfg = Debug
		{93F49A78-5D08-4905-830F-994BA6009CA9}.Release|Any CPU.ActiveCfg = Release
	EndGlobalSection
	GlobalSection(SolutionProperties) = preSolution
		HideSolutionNode = FALSE
	EndGlobalSection
EndGlobal
